
Microsoft Visual Studio Solution File, Format Version 12.00
# Visual Studio Version 16
VisualStudioVersion = 16.0.29230.47
MinimumVisualStudioVersion = 10.0.40219.1
Project("{FAE04EC0-301F-11D3-BF4B-00C04F79EFBC}") = "Controlador", "Biblioteca\Controlador.csproj", "{16EBB972-30F6-47B0-80D4-89EEC7329831}"
EndProject
Project("{FAE04EC0-301F-11D3-BF4B-00C04F79EFBC}") = "Vista", "Vista\Vista.csproj", "{1825305F-3E0E-4830-8CEE-DDA88D4FE9A3}"
EndProject
Project("{FAE04EC0-301F-11D3-BF4B-00C04F79EFBC}") = "Modelo", "Modelo\Modelo.csproj", "{70E546E8-6D38-45E2-81CD-5522549D9350}"
EndProject
Global
	GlobalSection(SolutionConfigurationPlatforms) = preSolution
		Debug|Any CPU = Debug|Any CPU
		Release|Any CPU = Release|Any CPU
	EndGlobalSection
	GlobalSection(ProjectConfigurationPlatforms) = postSolution
		{16EBB972-30F6-47B0-80D4-89EEC7329831}.Debug|Any CPU.ActiveCfg = Debug|Any CPU
		{16EBB972-30F6-47B0-80D4-89EEC7329831}.Debug|Any CPU.Build.0 = Debug|Any CPU
		{16EBB972-30F6-47B0-80D4-89EEC7329831}.Release|Any CPU.ActiveCfg = Release|Any CPU
		{16EBB972-30F6-47B0-80D4-89EEC7329831}.Release|Any CPU.Build.0 = Release|Any CPU
		{1825305F-3E0E-4830-8CEE-DDA88D4FE9A3}.Debug|Any CPU.ActiveCfg = Debug|Any CPU
		{1825305F-3E0E-4830-8CEE-DDA88D4FE9A3}.Debug|Any CPU.Build.0 = Debug|Any CPU
		{1825305F-3E0E-4830-8CEE-DDA88D4FE9A3}.Release|Any CPU.ActiveCfg = Release|Any CPU
		{1825305F-3E0E-4830-8CEE-DDA88D4FE9A3}.Release|Any CPU.Build.0 = Release|Any CPU
		{70E546E8-6D38-45E2-81CD-5522549D9350}.Debug|Any CPU.ActiveCfg = Debug|Any CPU
		{70E546E8-6D38-45E2-81CD-5522549D9350}.Debug|Any CPU.Build.0 = Debug|Any CPU
		{70E546E8-6D38-45E2-81CD-5522549D9350}.Release|Any CPU.ActiveCfg = Release|Any CPU
		{70E546E8-6D38-45E2-81CD-5522549D9350}.Release|Any CPU.Build.0 = Release|Any CPU
	EndGlobalSection
	GlobalSection(SolutionProperties) = preSolution
		HideSolutionNode = FALSE
	EndGlobalSection
	GlobalSection(ExtensibilityGlobals) = postSolution
		SolutionGuid = {C3B384DB-F746-48B4-A794-7143524ECFB1}
	EndGlobalSection
EndGlobal
